
Microsoft Visual Studio Solution File, Format Version 12.00
# Visual Studio 15
VisualStudioVersion = 15.0.28307.136
MinimumVisualStudioVersion = 10.0.40219.1
Project("{FAE04EC0-301F-11D3-BF4B-00C04F79EFBC}") = "Dataccess", "Dataccess\Dataccess.csproj", "{9A7A70C7-76C8-47B6-AD4F-9DB59A7EB9E8}"
EndProject
Project("{2150E333-8FDC-42A3-9474-1A3956D46DE8}") = "Costos", "Costos", "{3567D133-C91E-41D5-9ACF-DC9DAB1174DC}"
EndProject
Project("{2150E333-8FDC-42A3-9474-1A3956D46DE8}") = "_Datos", "_Datos", "{A92DED3C-6720-4272-A957-2ECD6F8B5C01}"
EndProject
Project("{FAE04EC0-301F-11D3-BF4B-00C04F79EFBC}") = "AppCostos", "AppCostos\AppCostos.csproj", "{68803821-C6B2-4F2E-9DBF-BBB3868429E7}"
EndProject
Global
	GlobalSection(SolutionConfigurationPlatforms) = preSolution
		Debug|Any CPU = Debug|Any CPU
		Release|Any CPU = Release|Any CPU
	EndGlobalSection
	GlobalSection(ProjectConfigurationPlatforms) = postSolution
		{9A7A70C7-76C8-47B6-AD4F-9DB59A7EB9E8}.Debug|Any CPU.ActiveCfg = Debug|Any CPU
		{9A7A70C7-76C8-47B6-AD4F-9DB59A7EB9E8}.Debug|Any CPU.Build.0 = Debug|Any CPU
		{9A7A70C7-76C8-47B6-AD4F-9DB59A7EB9E8}.Release|Any CPU.ActiveCfg = Release|Any CPU
		{9A7A70C7-76C8-47B6-AD4F-9DB59A7EB9E8}.Release|Any CPU.Build.0 = Release|Any CPU
		{68803821-C6B2-4F2E-9DBF-BBB3868429E7}.Debug|Any CPU.ActiveCfg = Debug|Any CPU
		{68803821-C6B2-4F2E-9DBF-BBB3868429E7}.Debug|Any CPU.Build.0 = Debug|Any CPU
		{68803821-C6B2-4F2E-9DBF-BBB3868429E7}.Release|Any CPU.ActiveCfg = Release|Any CPU
		{68803821-C6B2-4F2E-9DBF-BBB3868429E7}.Release|Any CPU.Build.0 = Release|Any CPU
	EndGlobalSection
	GlobalSection(SolutionProperties) = preSolution
		HideSolutionNode = FALSE
	EndGlobalSection
	GlobalSection(NestedProjects) = preSolution
		{9A7A70C7-76C8-47B6-AD4F-9DB59A7EB9E8} = {A92DED3C-6720-4272-A957-2ECD6F8B5C01}
		{68803821-C6B2-4F2E-9DBF-BBB3868429E7} = {3567D133-C91E-41D5-9ACF-DC9DAB1174DC}
	EndGlobalSection
	GlobalSection(ExtensibilityGlobals) = postSolution
		SolutionGuid = {FD93554F-09D1-403F-B024-BF19E31AC9AF}
	EndGlobalSection
EndGlobal
